// !$*UTF8*$!
{
	archiveVersion = 1;
	classes = {
	};
	objectVersion = 45;
	objects = {

/* Begin PBXBuildFile section */
		1D3623260D0F684500981E51 /* iLightsAppDelegate.m in Sources */ = {isa = PBXBuildFile; fileRef = 1D3623250D0F684500981E51 /* iLightsAppDelegate.m */; };
		1D60589B0D05DD56006BFB54 /* main.m in Sources */ = {isa = PBXBuildFile; fileRef = 29B97316FDCFA39411CA2CEA /* main.m */; };
		1D60589F0D05DD5A006BFB54 /* Foundation.framework in Frameworks */ = {isa = PBXBuildFile; fileRef = 1D30AB110D05D00D00671497 /* Foundation.framework */; };
		1DF5F4E00D08C38300B7A737 /* UIKit.framework in Frameworks */ = {isa = PBXBuildFile; fileRef = 1DF5F4DF0D08C38300B7A737 /* UIKit.framework */; };
		288765A50DF7441C002DB57D /* CoreGraphics.framework in Frameworks */ = {isa = PBXBuildFile; fileRef = 288765A40DF7441C002DB57D /* CoreGraphics.framework */; };
		28AD733F0D9D9553002E5188 /* MainWindow.xib in Resources */ = {isa = PBXBuildFile; fileRef = 28AD733E0D9D9553002E5188 /* MainWindow.xib */; };
		28D7ACF80DDB3853001CB0EB /* iLightsViewController.m in Sources */ = {isa = PBXBuildFile; fileRef = 28D7ACF70DDB3853001CB0EB /* iLightsViewController.m */; };
		8EDDAC3F12A18CB000614759 /* LightView.m in Sources */ = {isa = PBXBuildFile; fileRef = 8EDDAC3E12A18CB000614759 /* LightView.m */; };
		8EDDAC4612A18DFC00614759 /* iLightsTriosWrapper.m in Sources */ = {isa = PBXBuildFile; fileRef = 8EDDAC4512A18DFC00614759 /* iLightsTriosWrapper.m */; };
		8EDDACA912A1926000614759 /* TriosUnitTest.m in Sources */ = {isa = PBXBuildFile; fileRef = 8EDDACA812A1926000614759 /* TriosUnitTest.m */; };
		8EDDB03D12BA63B200614759 /* QuartzCore.framework in Frameworks */ = {isa = PBXBuildFile; fileRef = 8EDDB03C12BA63B200614759 /* QuartzCore.framework */; };
		8EDDB4C712BD098300614759 /* UtilityViewAllOff.m in Sources */ = {isa = PBXBuildFile; fileRef = 8EDDB4C612BD098300614759 /* UtilityViewAllOff.m */; };
		8EFCF40B12CF63B700797E85 /* UtilityViewCortex.m in Sources */ = {isa = PBXBuildFile; fileRef = 8EFCF40A12CF63B700797E85 /* UtilityViewCortex.m */; };
		8EFCF40E12CF63D600797E85 /* UtilityViewSetup.m in Sources */ = {isa = PBXBuildFile; fileRef = 8EFCF40D12CF63D600797E85 /* UtilityViewSetup.m */; };
		8EFCF41112CF641100797E85 /* UtilityViewFree1.m in Sources */ = {isa = PBXBuildFile; fileRef = 8EFCF41012CF641100797E85 /* UtilityViewFree1.m */; };
		8EFCF41412CF642300797E85 /* UtilityViewFree2.m in Sources */ = {isa = PBXBuildFile; fileRef = 8EFCF41312CF642300797E85 /* UtilityViewFree2.m */; };
		E43E2EFD12AAD73E00B45F8A /* smile.png in Resources */ = {isa = PBXBuildFile; fileRef = E43E2EFC12AAD73E00B45F8A /* smile.png */; };
		E448D79A12A1744000C98F78 /* trios.png in Resources */ = {isa = PBXBuildFile; fileRef = E448D79912A1744000C98F78 /* trios.png */; };
		E448D79B12A1745C00C98F78 /* iLightsViewController.xib in Resources */ = {isa = PBXBuildFile; fileRef = 2899E5210DE3E06400AC0155 /* iLightsViewController.xib */; };
		E448D89312A198A200C98F78 /* TriosModel.c in Sources */ = {isa = PBXBuildFile; fileRef = E4930D4612A1780300CB93F2 /* TriosModel.c */; };
		E4930D4812A1780300CB93F2 /* TriosModel.c in Sources */ = {isa = PBXBuildFile; fileRef = E4930D4612A1780300CB93F2 /* TriosModel.c */; };
		E4DA409312C0FFBB009392C0 /* yellow100x100.png in Resources */ = {isa = PBXBuildFile; fileRef = E4DA409212C0FFBB009392C0 /* yellow100x100.png */; };
		E4DA409612C0FFEB009392C0 /* grey.png in Resources */ = {isa = PBXBuildFile; fileRef = E4DA409412C0FFEB009392C0 /* grey.png */; };
		E4DA409712C0FFEB009392C0 /* raster.png in Resources */ = {isa = PBXBuildFile; fileRef = E4DA409512C0FFEB009392C0 /* raster.png */; };
		E4DA439112CE3934009392C0 /* preset1.png in Resources */ = {isa = PBXBuildFile; fileRef = E4DA438B12CE3934009392C0 /* preset1.png */; };
		E4DA439212CE3934009392C0 /* preset6.png in Resources */ = {isa = PBXBuildFile; fileRef = E4DA438C12CE3934009392C0 /* preset6.png */; };
		E4DA439312CE3934009392C0 /* preset5.png in Resources */ = {isa = PBXBuildFile; fileRef = E4DA438D12CE3934009392C0 /* preset5.png */; };
		E4DA439412CE3934009392C0 /* preset4.png in Resources */ = {isa = PBXBuildFile; fileRef = E4DA438E12CE3934009392C0 /* preset4.png */; };
		E4DA439512CE3934009392C0 /* preset3.png in Resources */ = {isa = PBXBuildFile; fileRef = E4DA438F12CE3934009392C0 /* preset3.png */; };
		E4DA439612CE3934009392C0 /* preset2.png in Resources */ = {isa = PBXBuildFile; fileRef = E4DA439012CE3934009392C0 /* preset2.png */; };
		E4F54C7912BA5240000F1935 /* LightIndicatorView.m in Sources */ = {isa = PBXBuildFile; fileRef = E4F54C7812BA5240000F1935 /* LightIndicatorView.m */; };
/* End PBXBuildFile section */

/* Begin PBXFileReference section */
		1D30AB110D05D00D00671497 /* Foundation.framework */ = {isa = PBXFileReference; lastKnownFileType = wrapper.framework; name = Foundation.framework; path = System/Library/Frameworks/Foundation.framework; sourceTree = SDKROOT; };
		1D3623240D0F684500981E51 /* iLightsAppDelegate.h */ = {isa = PBXFileReference; fileEncoding = 4; lastKnownFileType = sourcecode.c.h; path = iLightsAppDelegate.h; sourceTree = "<group>"; };
		1D3623250D0F684500981E51 /* iLightsAppDelegate.m */ = {isa = PBXFileReference; fileEncoding = 4; lastKnownFileType = sourcecode.c.objc; path = iLightsAppDelegate.m; sourceTree = "<group>"; };
		1D6058910D05DD3D006BFB54 /* iLights.app */ = {isa = PBXFileReference; explicitFileType = wrapper.application; includeInIndex = 0; path = iLights.app; sourceTree = BUILT_PRODUCTS_DIR; };
		1DF5F4DF0D08C38300B7A737 /* UIKit.framework */ = {isa = PBXFileReference; lastKnownFileType = wrapper.framework; name = UIKit.framework; path = System/Library/Frameworks/UIKit.framework; sourceTree = SDKROOT; };
		288765A40DF7441C002DB57D /* CoreGraphics.framework */ = {isa = PBXFileReference; lastKnownFileType = wrapper.framework; name = CoreGraphics.framework; path = System/Library/Frameworks/CoreGraphics.framework; sourceTree = SDKROOT; };
		2899E5210DE3E06400AC0155 /* iLightsViewController.xib */ = {isa = PBXFileReference; lastKnownFileType = file.xib; path = iLightsViewController.xib; sourceTree = "<group>"; };
		28AD733E0D9D9553002E5188 /* MainWindow.xib */ = {isa = PBXFileReference; lastKnownFileType = file.xib; path = MainWindow.xib; sourceTree = "<group>"; };
		28D7ACF60DDB3853001CB0EB /* iLightsViewController.h */ = {isa = PBXFileReference; fileEncoding = 4; lastKnownFileType = sourcecode.c.h; path = iLightsViewController.h; sourceTree = "<group>"; };
		28D7ACF70DDB3853001CB0EB /* iLightsViewController.m */ = {isa = PBXFileReference; fileEncoding = 4; lastKnownFileType = sourcecode.c.objc; path = iLightsViewController.m; sourceTree = "<group>"; };
		29B97316FDCFA39411CA2CEA /* main.m */ = {isa = PBXFileReference; fileEncoding = 4; lastKnownFileType = sourcecode.c.objc; path = main.m; sourceTree = "<group>"; };
		32CA4F630368D1EE00C91783 /* iLights_Prefix.pch */ = {isa = PBXFileReference; fileEncoding = 4; lastKnownFileType = sourcecode.c.h; path = iLights_Prefix.pch; sourceTree = "<group>"; };
		8D1107310486CEB800E47090 /* iLights-Info.plist */ = {isa = PBXFileReference; fileEncoding = 4; lastKnownFileType = text.plist.xml; path = "iLights-Info.plist"; plistStructureDefinitionIdentifier = "com.apple.xcode.plist.structure-definition.iphone.info-plist"; sourceTree = "<group>"; };
		8EDDAC3D12A18CB000614759 /* LightView.h */ = {isa = PBXFileReference; fileEncoding = 4; lastKnownFileType = sourcecode.c.h; path = LightView.h; sourceTree = "<group>"; };
		8EDDAC3E12A18CB000614759 /* LightView.m */ = {isa = PBXFileReference; fileEncoding = 4; lastKnownFileType = sourcecode.c.objc; path = LightView.m; sourceTree = "<group>"; };
		8EDDAC4412A18DFC00614759 /* iLightsTriosWrapper.h */ = {isa = PBXFileReference; fileEncoding = 4; lastKnownFileType = sourcecode.c.h; path = iLightsTriosWrapper.h; sourceTree = "<group>"; };
		8EDDAC4512A18DFC00614759 /* iLightsTriosWrapper.m */ = {isa = PBXFileReference; fileEncoding = 4; lastKnownFileType = sourcecode.c.objc; path = iLightsTriosWrapper.m; sourceTree = "<group>"; };
		8EDDACA212A1923600614759 /* UnitTests.octest */ = {isa = PBXFileReference; explicitFileType = wrapper.cfbundle; includeInIndex = 0; path = UnitTests.octest; sourceTree = BUILT_PRODUCTS_DIR; };
		8EDDACA312A1923600614759 /* UnitTests-Info.plist */ = {isa = PBXFileReference; lastKnownFileType = text.plist.xml; path = "UnitTests-Info.plist"; sourceTree = "<group>"; };
		8EDDACA712A1926000614759 /* TriosUnitTest.h */ = {isa = PBXFileReference; fileEncoding = 4; lastKnownFileType = sourcecode.c.h; path = TriosUnitTest.h; sourceTree = "<group>"; };
		8EDDACA812A1926000614759 /* TriosUnitTest.m */ = {isa = PBXFileReference; fileEncoding = 4; lastKnownFileType = sourcecode.c.objc; path = TriosUnitTest.m; sourceTree = "<group>"; };
		8EDDB03C12BA63B200614759 /* QuartzCore.framework */ = {isa = PBXFileReference; lastKnownFileType = wrapper.framework; name = QuartzCore.framework; path = System/Library/Frameworks/QuartzCore.framework; sourceTree = SDKROOT; };
		8EDDB4C512BD098300614759 /* UtilityViewAllOff.h */ = {isa = PBXFileReference; fileEncoding = 4; lastKnownFileType = sourcecode.c.h; path = UtilityViewAllOff.h; sourceTree = "<group>"; };
		8EDDB4C612BD098300614759 /* UtilityViewAllOff.m */ = {isa = PBXFileReference; fileEncoding = 4; lastKnownFileType = sourcecode.c.objc; path = UtilityViewAllOff.m; sourceTree = "<group>"; };
		8EDDB9E612C0B70100614759 /* triosIncludes.h */ = {isa = PBXFileReference; fileEncoding = 4; lastKnownFileType = sourcecode.c.h; path = triosIncludes.h; sourceTree = "<group>"; };
		8EFCF40912CF63B700797E85 /* UtilityViewCortex.h */ = {isa = PBXFileReference; fileEncoding = 4; lastKnownFileType = sourcecode.c.h; path = UtilityViewCortex.h; sourceTree = "<group>"; };
		8EFCF40A12CF63B700797E85 /* UtilityViewCortex.m */ = {isa = PBXFileReference; fileEncoding = 4; lastKnownFileType = sourcecode.c.objc; path = UtilityViewCortex.m; sourceTree = "<group>"; };
		8EFCF40C12CF63D600797E85 /* UtilityViewSetup.h */ = {isa = PBXFileReference; fileEncoding = 4; lastKnownFileType = sourcecode.c.h; path = UtilityViewSetup.h; sourceTree = "<group>"; };
		8EFCF40D12CF63D600797E85 /* UtilityViewSetup.m */ = {isa = PBXFileReference; fileEncoding = 4; lastKnownFileType = sourcecode.c.objc; path = UtilityViewSetup.m; sourceTree = "<group>"; };
		8EFCF40F12CF641100797E85 /* UtilityViewFree1.h */ = {isa = PBXFileReference; fileEncoding = 4; lastKnownFileType = sourcecode.c.h; path = UtilityViewFree1.h; sourceTree = "<group>"; };
		8EFCF41012CF641100797E85 /* UtilityViewFree1.m */ = {isa = PBXFileReference; fileEncoding = 4; lastKnownFileType = sourcecode.c.objc; path = UtilityViewFree1.m; sourceTree = "<group>"; };
		8EFCF41212CF642300797E85 /* UtilityViewFree2.h */ = {isa = PBXFileReference; fileEncoding = 4; lastKnownFileType = sourcecode.c.h; path = UtilityViewFree2.h; sourceTree = "<group>"; };
		8EFCF41312CF642300797E85 /* UtilityViewFree2.m */ = {isa = PBXFileReference; fileEncoding = 4; lastKnownFileType = sourcecode.c.objc; path = UtilityViewFree2.m; sourceTree = "<group>"; };
		E43E2EFC12AAD73E00B45F8A /* smile.png */ = {isa = PBXFileReference; lastKnownFileType = image.png; path = smile.png; sourceTree = "<group>"; };
		E448D79912A1744000C98F78 /* trios.png */ = {isa = PBXFileReference; lastKnownFileType = image.png; path = trios.png; sourceTree = "<group>"; };
		E4930D4612A1780300CB93F2 /* TriosModel.c */ = {isa = PBXFileReference; fileEncoding = 4; lastKnownFileType = sourcecode.c.c; path = TriosModel.c; sourceTree = "<group>"; };
		E4930D4712A1780300CB93F2 /* TriosModel.h */ = {isa = PBXFileReference; fileEncoding = 4; lastKnownFileType = sourcecode.c.h; path = TriosModel.h; sourceTree = "<group>"; };
		E4DA405212C0EC4E009392C0 /* triosDefines.h */ = {isa = PBXFileReference; fileEncoding = 4; lastKnownFileType = sourcecode.c.h; path = triosDefines.h; sourceTree = "<group>"; };
		E4DA409212C0FFBB009392C0 /* yellow100x100.png */ = {isa = PBXFileReference; lastKnownFileType = image.png; path = yellow100x100.png; sourceTree = "<group>"; };
		E4DA409412C0FFEB009392C0 /* grey.png */ = {isa = PBXFileReference; lastKnownFileType = image.png; path = grey.png; sourceTree = "<group>"; };
		E4DA409512C0FFEB009392C0 /* raster.png */ = {isa = PBXFileReference; lastKnownFileType = image.png; path = raster.png; sourceTree = "<group>"; };
		E4DA438B12CE3934009392C0 /* preset1.png */ = {isa = PBXFileReference; lastKnownFileType = image.png; path = preset1.png; sourceTree = "<group>"; };
		E4DA438C12CE3934009392C0 /* preset6.png */ = {isa = PBXFileReference; lastKnownFileType = image.png; path = preset6.png; sourceTree = "<group>"; };
		E4DA438D12CE3934009392C0 /* preset5.png */ = {isa = PBXFileReference; lastKnownFileType = image.png; path = preset5.png; sourceTree = "<group>"; };
		E4DA438E12CE3934009392C0 /* preset4.png */ = {isa = PBXFileReference; lastKnownFileType = image.png; path = preset4.png; sourceTree = "<group>"; };
		E4DA438F12CE3934009392C0 /* preset3.png */ = {isa = PBXFileReference; lastKnownFileType = image.png; path = preset3.png; sourceTree = "<group>"; };
		E4DA439012CE3934009392C0 /* preset2.png */ = {isa = PBXFileReference; lastKnownFileType = image.png; path = preset2.png; sourceTree = "<group>"; };
		E4F54C7712BA5240000F1935 /* LightIndicatorView.h */ = {isa = PBXFileReference; fileEncoding = 4; lastKnownFileType = sourcecode.c.h; path = LightIndicatorView.h; sourceTree = "<group>"; };
		E4F54C7812BA5240000F1935 /* LightIndicatorView.m */ = {isa = PBXFileReference; fileEncoding = 4; lastKnownFileType = sourcecode.c.objc; path = LightIndicatorView.m; sourceTree = "<group>"; };
/* End PBXFileReference section */

/* Begin PBXFrameworksBuildPhase section */
		1D60588F0D05DD3D006BFB54 /* Frameworks */ = {
			isa = PBXFrameworksBuildPhase;
			buildActionMask = 2147483647;
			files = (
				1D60589F0D05DD5A006BFB54 /* Foundation.framework in Frameworks */,
				1DF5F4E00D08C38300B7A737 /* UIKit.framework in Frameworks */,
				288765A50DF7441C002DB57D /* CoreGraphics.framework in Frameworks */,
				8EDDB03D12BA63B200614759 /* QuartzCore.framework in Frameworks */,
			);
			runOnlyForDeploymentPostprocessing = 0;
		};
		8EDDAC9F12A1923600614759 /* Frameworks */ = {
			isa = PBXFrameworksBuildPhase;
			buildActionMask = 2147483647;
			files = (
			);
			runOnlyForDeploymentPostprocessing = 0;
		};
/* End PBXFrameworksBuildPhase section */

/* Begin PBXGroup section */
		080E96DDFE201D6D7F000001 /* Classes */ = {
			isa = PBXGroup;
			children = (
				1D3623240D0F684500981E51 /* iLightsAppDelegate.h */,
				1D3623250D0F684500981E51 /* iLightsAppDelegate.m */,
				28D7ACF60DDB3853001CB0EB /* iLightsViewController.h */,
				28D7ACF70DDB3853001CB0EB /* iLightsViewController.m */,
				8EDDAC4412A18DFC00614759 /* iLightsTriosWrapper.h */,
				8EDDAC4512A18DFC00614759 /* iLightsTriosWrapper.m */,
			);
			path = Classes;
			sourceTree = "<group>";
		};
		19C28FACFE9D520D11CA2CBB /* Products */ = {
			isa = PBXGroup;
			children = (
				1D6058910D05DD3D006BFB54 /* iLights.app */,
				8EDDACA212A1923600614759 /* UnitTests.octest */,
			);
			name = Products;
			sourceTree = "<group>";
		};
		29B97314FDCFA39411CA2CEA /* CustomTemplate */ = {
			isa = PBXGroup;
			children = (
				8EDDB9E412C0B67100614759 /* includes */,
				8EDDAC9C12A191E300614759 /* UnitTests */,
				8EDDAC4C12A18E3A00614759 /* Png */,
				E448D7C312A180B500C98F78 /* Views */,
				E4930D4212A177D300CB93F2 /* Trios */,
				080E96DDFE201D6D7F000001 /* Classes */,
				29B97315FDCFA39411CA2CEA /* Other Sources */,
				29B97317FDCFA39411CA2CEA /* Resources */,
				29B97323FDCFA39411CA2CEA /* Frameworks */,
				19C28FACFE9D520D11CA2CBB /* Products */,
				8EDDACA312A1923600614759 /* UnitTests-Info.plist */,
			);
			name = CustomTemplate;
			sourceTree = "<group>";
		};
		29B97315FDCFA39411CA2CEA /* Other Sources */ = {
			isa = PBXGroup;
			children = (
				32CA4F630368D1EE00C91783 /* iLights_Prefix.pch */,
				29B97316FDCFA39411CA2CEA /* main.m */,
			);
			name = "Other Sources";
			sourceTree = "<group>";
		};
		29B97317FDCFA39411CA2CEA /* Resources */ = {
			isa = PBXGroup;
			children = (
				2899E5210DE3E06400AC0155 /* iLightsViewController.xib */,
				28AD733E0D9D9553002E5188 /* MainWindow.xib */,
				8D1107310486CEB800E47090 /* iLights-Info.plist */,
			);
			name = Resources;
			sourceTree = "<group>";
		};
		29B97323FDCFA39411CA2CEA /* Frameworks */ = {
			isa = PBXGroup;
			children = (
				1DF5F4DF0D08C38300B7A737 /* UIKit.framework */,
				1D30AB110D05D00D00671497 /* Foundation.framework */,
				288765A40DF7441C002DB57D /* CoreGraphics.framework */,
				8EDDB03C12BA63B200614759 /* QuartzCore.framework */,
			);
			name = Frameworks;
			sourceTree = "<group>";
		};
		8EDDAC4C12A18E3A00614759 /* Png */ = {
			isa = PBXGroup;
			children = (
				E4DA438B12CE3934009392C0 /* preset1.png */,
				E4DA438C12CE3934009392C0 /* preset6.png */,
				E4DA438D12CE3934009392C0 /* preset5.png */,
				E4DA438E12CE3934009392C0 /* preset4.png */,
				E4DA438F12CE3934009392C0 /* preset3.png */,
				E4DA439012CE3934009392C0 /* preset2.png */,
				E4DA409412C0FFEB009392C0 /* grey.png */,
				E4DA409512C0FFEB009392C0 /* raster.png */,
				E4DA409212C0FFBB009392C0 /* yellow100x100.png */,
				E43E2EFC12AAD73E00B45F8A /* smile.png */,
				E448D79912A1744000C98F78 /* trios.png */,
			);
			name = Png;
			sourceTree = "<group>";
		};
		8EDDAC9C12A191E300614759 /* UnitTests */ = {
			isa = PBXGroup;
			children = (
				8EDDACA712A1926000614759 /* TriosUnitTest.h */,
				8EDDACA812A1926000614759 /* TriosUnitTest.m */,
			);
			name = UnitTests;
			sourceTree = "<group>";
		};
		8EDDB9E412C0B67100614759 /* includes */ = {
			isa = PBXGroup;
			children = (
				E4DA405212C0EC4E009392C0 /* triosDefines.h */,
				8EDDB9E612C0B70100614759 /* triosIncludes.h */,
			);
			name = includes;
			sourceTree = "<group>";
		};
		E448D7C312A180B500C98F78 /* Views */ = {
			isa = PBXGroup;
			children = (
				8EDDAC3D12A18CB000614759 /* LightView.h */,
				8EDDAC3E12A18CB000614759 /* LightView.m */,
				E4F54C7712BA5240000F1935 /* LightIndicatorView.h */,
				E4F54C7812BA5240000F1935 /* LightIndicatorView.m */,
				8EDDB4C512BD098300614759 /* UtilityViewAllOff.h */,
				8EDDB4C612BD098300614759 /* UtilityViewAllOff.m */,
				8EFCF40912CF63B700797E85 /* UtilityViewCortex.h */,
				8EFCF40A12CF63B700797E85 /* UtilityViewCortex.m */,
				8EFCF40C12CF63D600797E85 /* UtilityViewSetup.h */,
				8EFCF40D12CF63D600797E85 /* UtilityViewSetup.m */,
				8EFCF40F12CF641100797E85 /* UtilityViewFree1.h */,
				8EFCF41012CF641100797E85 /* UtilityViewFree1.m */,
				8EFCF41212CF642300797E85 /* UtilityViewFree2.h */,
				8EFCF41312CF642300797E85 /* UtilityViewFree2.m */,
			);
			name = Views;
			sourceTree = "<group>";
		};
		E4930D4212A177D300CB93F2 /* Trios */ = {
			isa = PBXGroup;
			children = (
				E4930D4612A1780300CB93F2 /* TriosModel.c */,
				E4930D4712A1780300CB93F2 /* TriosModel.h */,
			);
			name = Trios;
			sourceTree = "<group>";
		};
/* End PBXGroup section */

/* Begin PBXNativeTarget section */
		1D6058900D05DD3D006BFB54 /* iLights */ = {
			isa = PBXNativeTarget;
			buildConfigurationList = 1D6058960D05DD3E006BFB54 /* Build configuration list for PBXNativeTarget "iLights" */;
			buildPhases = (
				1D60588D0D05DD3D006BFB54 /* Resources */,
				1D60588E0D05DD3D006BFB54 /* Sources */,
				1D60588F0D05DD3D006BFB54 /* Frameworks */,
			);
			buildRules = (
			);
			dependencies = (
			);
			name = iLights;
			productName = iLights;
			productReference = 1D6058910D05DD3D006BFB54 /* iLights.app */;
			productType = "com.apple.product-type.application";
		};
		8EDDACA112A1923600614759 /* UnitTests */ = {
			isa = PBXNativeTarget;
			buildConfigurationList = 8EDDACA612A1923600614759 /* Build configuration list for PBXNativeTarget "UnitTests" */;
			buildPhases = (
				8EDDAC9D12A1923600614759 /* Resources */,
				8EDDAC9E12A1923600614759 /* Sources */,
				8EDDAC9F12A1923600614759 /* Frameworks */,
				8EDDACA012A1923600614759 /* ShellScript */,
			);
			buildRules = (
			);
			dependencies = (
			);
			name = UnitTests;
			productName = UnitTests;
			productReference = 8EDDACA212A1923600614759 /* UnitTests.octest */;
			productType = "com.apple.product-type.bundle";
		};
/* End PBXNativeTarget section */

/* Begin PBXProject section */
		29B97313FDCFA39411CA2CEA /* Project object */ = {
			isa = PBXProject;
			buildConfigurationList = C01FCF4E08A954540054247B /* Build configuration list for PBXProject "iLights" */;
			compatibilityVersion = "Xcode 3.1";
			developmentRegion = English;
			hasScannedForEncodings = 1;
			knownRegions = (
				English,
				Japanese,
				French,
				German,
			);
			mainGroup = 29B97314FDCFA39411CA2CEA /* CustomTemplate */;
			projectDirPath = "";
			projectRoot = "";
			targets = (
				1D6058900D05DD3D006BFB54 /* iLights */,
				8EDDACA112A1923600614759 /* UnitTests */,
			);
		};
/* End PBXProject section */

/* Begin PBXResourcesBuildPhase section */
		1D60588D0D05DD3D006BFB54 /* Resources */ = {
			isa = PBXResourcesBuildPhase;
			buildActionMask = 2147483647;
			files = (
				28AD733F0D9D9553002E5188 /* MainWindow.xib in Resources */,
				E448D79A12A1744000C98F78 /* trios.png in Resources */,
				E448D79B12A1745C00C98F78 /* iLightsViewController.xib in Resources */,
				E43E2EFD12AAD73E00B45F8A /* smile.png in Resources */,
				E4DA409312C0FFBB009392C0 /* yellow100x100.png in Resources */,
				E4DA409612C0FFEB009392C0 /* grey.png in Resources */,
				E4DA409712C0FFEB009392C0 /* raster.png in Resources */,
				E4DA439112CE3934009392C0 /* preset1.png in Resources */,
				E4DA439212CE3934009392C0 /* preset6.png in Resources */,
				E4DA439312CE3934009392C0 /* preset5.png in Resources */,
				E4DA439412CE3934009392C0 /* preset4.png in Resources */,
				E4DA439512CE3934009392C0 /* preset3.png in Resources */,
				E4DA439612CE3934009392C0 /* preset2.png in Resources */,
			);
			runOnlyForDeploymentPostprocessing = 0;
		};
		8EDDAC9D12A1923600614759 /* Resources */ = {
			isa = PBXResourcesBuildPhase;
			buildActionMask = 2147483647;
			files = (
			);
			runOnlyForDeploymentPostprocessing = 0;
		};
/* End PBXResourcesBuildPhase section */

/* Begin PBXShellScriptBuildPhase section */
		8EDDACA012A1923600614759 /* ShellScript */ = {
			isa = PBXShellScriptBuildPhase;
			buildActionMask = 2147483647;
			files = (
			);
			inputPaths = (
			);
			outputPaths = (
			);
			runOnlyForDeploymentPostprocessing = 0;
			shellPath = /bin/sh;
			shellScript = "# Run the unit tests in this test bundle.\n\"${SYSTEM_DEVELOPER_DIR}/Tools/RunUnitTests\"\n";
		};
/* End PBXShellScriptBuildPhase section */

/* Begin PBXSourcesBuildPhase section */
		1D60588E0D05DD3D006BFB54 /* Sources */ = {
			isa = PBXSourcesBuildPhase;
			buildActionMask = 2147483647;
			files = (
				1D60589B0D05DD56006BFB54 /* main.m in Sources */,
				1D3623260D0F684500981E51 /* iLightsAppDelegate.m in Sources */,
				28D7ACF80DDB3853001CB0EB /* iLightsViewController.m in Sources */,
				E4930D4812A1780300CB93F2 /* TriosModel.c in Sources */,
				8EDDAC3F12A18CB000614759 /* LightView.m in Sources */,
				8EDDAC4612A18DFC00614759 /* iLightsTriosWrapper.m in Sources */,
				E4F54C7912BA5240000F1935 /* LightIndicatorView.m in Sources */,
				8EDDB4C712BD098300614759 /* UtilityViewAllOff.m in Sources */,
				8EFCF40B12CF63B700797E85 /* UtilityViewCortex.m in Sources */,
				8EFCF40E12CF63D600797E85 /* UtilityViewSetup.m in Sources */,
				8EFCF41112CF641100797E85 /* UtilityViewFree1.m in Sources */,
				8EFCF41412CF642300797E85 /* UtilityViewFree2.m in Sources */,
			);
			runOnlyForDeploymentPostprocessing = 0;
		};
		8EDDAC9E12A1923600614759 /* Sources */ = {
			isa = PBXSourcesBuildPhase;
			buildActionMask = 2147483647;
			files = (
				E448D89312A198A200C98F78 /* TriosModel.c in Sources */,
				8EDDACA912A1926000614759 /* TriosUnitTest.m in Sources */,
			);
			runOnlyForDeploymentPostprocessing = 0;
		};
/* End PBXSourcesBuildPhase section */

/* Begin XCBuildConfiguration section */
		1D6058940D05DD3E006BFB54 /* Debug */ = {
			isa = XCBuildConfiguration;
			buildSettings = {
				ALWAYS_SEARCH_USER_PATHS = NO;
				COPY_PHASE_STRIP = NO;
				GCC_DYNAMIC_NO_PIC = NO;
				GCC_OPTIMIZATION_LEVEL = 0;
				GCC_PRECOMPILE_PREFIX_HEADER = YES;
				GCC_PREFIX_HEADER = iLights_Prefix.pch;
				INFOPLIST_FILE = "iLights-Info.plist";
				PRODUCT_NAME = iLights;
			};
			name = Debug;
		};
		1D6058950D05DD3E006BFB54 /* Release */ = {
			isa = XCBuildConfiguration;
			buildSettings = {
				ALWAYS_SEARCH_USER_PATHS = NO;
				COPY_PHASE_STRIP = YES;
				GCC_PRECOMPILE_PREFIX_HEADER = YES;
				GCC_PREFIX_HEADER = iLights_Prefix.pch;
				INFOPLIST_FILE = "iLights-Info.plist";
				PRODUCT_NAME = iLights;
				VALIDATE_PRODUCT = YES;
			};
			name = Release;
		};
		8EDDACA412A1923600614759 /* Debug */ = {
			isa = XCBuildConfiguration;
			buildSettings = {
				ALWAYS_SEARCH_USER_PATHS = NO;
				"CODE_SIGN_IDENTITY[sdk=iphoneos*]" = "";
				COPY_PHASE_STRIP = NO;
				FRAMEWORK_SEARCH_PATHS = (
					"\"$(SDKROOT)/Developer/Library/Frameworks\"",
					"\"$(DEVELOPER_LIBRARY_DIR)/Frameworks\"",
				);
				GCC_DYNAMIC_NO_PIC = NO;
				GCC_ENABLE_FIX_AND_CONTINUE = NO;
				GCC_ENABLE_OBJC_EXCEPTIONS = YES;
				GCC_OPTIMIZATION_LEVEL = 0;
				INFOPLIST_FILE = "UnitTests-Info.plist";
				OTHER_LDFLAGS = (
					"-framework",
					Foundation,
					"-framework",
					SenTestingKit,
					"-framework",
					UIKit,
				);
				PREBINDING = NO;
				PRODUCT_NAME = UnitTests;
				SDKROOT = iphoneos;
				WRAPPER_EXTENSION = octest;
			};
			name = Debug;
		};
		8EDDACA512A1923600614759 /* Release */ = {
			isa = XCBuildConfiguration;
			buildSettings = {
				ALWAYS_SEARCH_USER_PATHS = NO;
				"CODE_SIGN_IDENTITY[sdk=iphoneos*]" = "";
				COPY_PHASE_STRIP = YES;
				DEBUG_INFORMATION_FORMAT = "dwarf-with-dsym";
				FRAMEWORK_SEARCH_PATHS = (
					"\"$(SDKROOT)/Developer/Library/Frameworks\"",
					"\"$(DEVELOPER_LIBRARY_DIR)/Frameworks\"",
				);
				GCC_ENABLE_FIX_AND_CONTINUE = NO;
				GCC_ENABLE_OBJC_EXCEPTIONS = YES;
				INFOPLIST_FILE = "UnitTests-Info.plist";
				OTHER_LDFLAGS = (
					"-framework",
					Foundation,
					"-framework",
					SenTestingKit,
					"-framework",
					UIKit,
				);
				PREBINDING = NO;
				PRODUCT_NAME = UnitTests;
				SDKROOT = iphoneos;
				WRAPPER_EXTENSION = octest;
				ZERO_LINK = NO;
			};
			name = Release;
		};
		C01FCF4F08A954540054247B /* Debug */ = {
			isa = XCBuildConfiguration;
			buildSettings = {
				ARCHS = "$(ARCHS_UNIVERSAL_IPHONE_OS)";
				"CODE_SIGN_IDENTITY[sdk=iphoneos*]" = "iPhone Developer";
				GCC_C_LANGUAGE_STANDARD = c99;
				GCC_WARN_ABOUT_RETURN_TYPE = YES;
				GCC_WARN_UNUSED_VARIABLE = YES;
				PREBINDING = NO;
				SDKROOT = iphoneos;
				TARGETED_DEVICE_FAMILY = 2;
			};
			name = Debug;
		};
		C01FCF5008A954540054247B /* Release */ = {
			isa = XCBuildConfiguration;
			buildSettings = {
				ARCHS = "$(ARCHS_UNIVERSAL_IPHONE_OS)";
				"CODE_SIGN_IDENTITY[sdk=iphoneos*]" = "iPhone Developer";
				GCC_C_LANGUAGE_STANDARD = c99;
				GCC_WARN_ABOUT_RETURN_TYPE = YES;
				GCC_WARN_UNUSED_VARIABLE = YES;
				OTHER_CFLAGS = "-DNS_BLOCK_ASSERTIONS=1";
				PREBINDING = NO;
				SDKROOT = iphoneos;
				TARGETED_DEVICE_FAMILY = 2;
			};
			name = Release;
		};
/* End XCBuildConfiguration section */

/* Begin XCConfigurationList section */
		1D6058960D05DD3E006BFB54 /* Build configuration list for PBXNativeTarget "iLights" */ = {
			isa = XCConfigurationList;
			buildConfigurations = (
				1D6058940D05DD3E006BFB54 /* Debug */,
				1D6058950D05DD3E006BFB54 /* Release */,
			);
			defaultConfigurationIsVisible = 0;
			defaultConfigurationName = Release;
		};
		8EDDACA612A1923600614759 /* Build configuration list for PBXNativeTarget "UnitTests" */ = {
			isa = XCConfigurationList;
			buildConfigurations = (
				8EDDACA412A1923600614759 /* Debug */,
				8EDDACA512A1923600614759 /* Release */,
			);
			defaultConfigurationIsVisible = 0;
			defaultConfigurationName = Release;
		};
		C01FCF4E08A954540054247B /* Build configuration list for PBXProject "iLights" */ = {
			isa = XCConfigurationList;
			buildConfigurations = (
				C01FCF4F08A954540054247B /* Debug */,
				C01FCF5008A954540054247B /* Release */,
			);
			defaultConfigurationIsVisible = 0;
			defaultConfigurationName = Release;
		};
/* End XCConfigurationList section */
	};
	rootObject = 29B97313FDCFA39411CA2CEA /* Project object */;
}
